{
  "nodes": {
    "erosanix": {
      "inputs": {
        "flake-compat": "flake-compat",
        "nixpkgs": [
          "nixpkgs"
        ]
      },
      "locked": {
        "lastModified": 1660868376,
        "narHash": "sha256-a/9LABSsu/goNriajou0wGpWaPnMCMxaRS51IfnBzik=",
        "owner": "emmanuelrosa",
        "repo": "erosanix",
        "rev": "b37724edd89225207f09671aca601e689b5f53d7",
        "type": "github"
      },
      "original": {
        "owner": "emmanuelrosa",
        "repo": "erosanix",
        "type": "github"
      }
    },
    "flake-compat": {
      "flake": false,
      "locked": {
        "lastModified": 1650374568,
        "narHash": "sha256-Z+s0J8/r907g149rllvwhb4pKi8Wam5ij0st8PwAh+E=",
        "owner": "edolstra",
        "repo": "flake-compat",
        "rev": "b4a34015c698c7793d592d66adbab377907a2be8",
        "type": "github"
      },
      "original": {
        "owner": "edolstra",
        "repo": "flake-compat",
        "type": "github"
      }
    },
    "flake-utils": {
      "locked": {
        "lastModified": 1659877975,
        "narHash": "sha256-zllb8aq3YO3h8B/U0/J1WBgAL8EX5yWf5pMj3G0NAmc=",
        "owner": "numtide",
        "repo": "flake-utils",
        "rev": "c0e246b9b83f637f4681389ecabcb2681b4f3af0",
        "type": "github"
      },
      "original": {
        "owner": "numtide",
        "repo": "flake-utils",
        "type": "github"
      }
    },
    "home-manager": {
      "inputs": {
        "nixpkgs": [
          "nixpkgs"
        ],
        "utils": "utils"
      },
      "locked": {
        "lastModified": 1660574517,
        "narHash": "sha256-Lp5D2pAPrM3iAc1eeR0iGwz5rM+SYOWzVxI3p17nlrU=",
        "owner": "nix-community",
        "repo": "home-manager",
        "rev": "688e5c85b7537f308b82167c8eb4ecfb70a49861",
        "type": "github"
      },
      "original": {
        "owner": "nix-community",
        "ref": "master",
        "repo": "home-manager",
        "type": "github"
      }
    },
    "minimal-shell": {
      "locked": {
        "lastModified": 1639587364,
        "narHash": "sha256-wSoH84Xy7kipuHEOx1xZ29HhWB7/qBwJs7MHdsOeg2I=",
        "owner": "LunNova",
        "repo": "nix-minimal-shell",
        "rev": "fee8e6005bda62dbe20cc1b4c45a22bca4cd813f",
        "type": "github"
      },
      "original": {
        "owner": "LunNova",
        "repo": "nix-minimal-shell",
        "type": "github"
      }
    },
    "nix-gaming": {
      "inputs": {
        "nixpkgs": [
          "nixpkgs"
        ]
      },
      "locked": {
        "lastModified": 1660758526,
        "narHash": "sha256-w3Chwi62hampmgkXBhdEhJJzKQnHM+UCwSLcyHbfxsk=",
        "owner": "fufexan",
        "repo": "nix-gaming",
        "rev": "92cb8bc09a6d96427a18b3dddcc23b10a82856c9",
        "type": "github"
      },
      "original": {
        "owner": "fufexan",
        "repo": "nix-gaming",
        "type": "github"
      }
    },
    "nixos-hardware": {
      "locked": {
        "lastModified": 1660407119,
        "narHash": "sha256-04lWO0pDbhAXFdL4v2VzzwgxrZ5IefKn+TmZPiPeKxg=",
        "owner": "NixOS",
        "repo": "nixos-hardware",
        "rev": "12620020f76b1b5d2b0e6fbbda831ed4f5fe56e1",
        "type": "github"
      },
      "original": {
        "owner": "NixOS",
        "ref": "master",
        "repo": "nixos-hardware",
        "type": "github"
      }
    },
    "nixpkgs": {
      "locked": {
        "lastModified": 1660998696,
        "narHash": "sha256-N5eDv9THZz5pFn7NR1swaFrAJYByfrA5gU5L7JONItA=",
        "owner": "NixOS",
        "repo": "nixpkgs",
        "rev": "13711c9ab9f5a160a44affb7a6221be53318a873",
        "type": "github"
      },
      "original": {
        "owner": "NixOS",
        "ref": "nixos-unstable",
        "repo": "nixpkgs",
        "type": "github"
      }
    },
    "nixpkgs-stable": {
      "locked": {
        "lastModified": 1659446231,
        "narHash": "sha256-hekabNdTdgR/iLsgce5TGWmfIDZ86qjPhxDg/8TlzhE=",
        "owner": "NixOS",
        "repo": "nixpkgs",
        "rev": "eabc38219184cc3e04a974fe31857d8e0eac098d",
        "type": "github"
      },
      "original": {
        "owner": "NixOS",
        "ref": "release-21.11",
        "repo": "nixpkgs",
        "type": "github"
      }
    },
    "pcp-always-push": {
      "flake": false,
      "locked": {
        "lastModified": 1643135562,
        "narHash": "sha256-o2MRXCi3L9HTNwG+1CluyaNaKnEB4rpkQyV7Jr+Eq0M=",
        "owner": "Karamu98",
        "repo": "AlwaysPushNotifications",
        "rev": "6fb152edaa5f7d9ce5cc0bbe48d62576e260619b",
        "type": "github"
      },
      "original": {
        "owner": "Karamu98",
        "repo": "AlwaysPushNotifications",
        "type": "github"
      }
    },
    "pcp-webhook-tag": {
      "flake": false,
      "locked": {
        "lastModified": 1645140737,
        "narHash": "sha256-KBKRwlTDaGXkEFGq08Nbbj8Kmnmz7yuDcZts9JZAgMU=",
        "owner": "BenSegal855",
        "repo": "webhook-tag",
        "rev": "7f573b821006d070a3ea2ec92ca822b0a3980ea9",
        "type": "github"
      },
      "original": {
        "owner": "BenSegal855",
        "repo": "webhook-tag",
        "type": "github"
      }
    },
    "pct-clearvision": {
      "flake": false,
      "locked": {
        "lastModified": 1660965435,
        "narHash": "sha256-oz0L+Kt5hBsup/sgsH/I6ukCXtzE75lPSqXAaJ7Es0c=",
        "owner": "ClearVision",
        "repo": "ClearVision-v6",
        "rev": "b285cf0beb03d50b8c6748154c7bb6ab0cd766e9",
        "type": "github"
      },
      "original": {
        "owner": "ClearVision",
        "repo": "ClearVision-v6",
        "type": "github"
      }
    },
    "pre-commit-hooks": {
      "inputs": {
        "flake-utils": [
          "flake-utils"
        ],
        "nixpkgs": [
          "nixpkgs"
        ]
      },
      "locked": {
        "lastModified": 1660830093,
        "narHash": "sha256-HUhx3a82C7bgp2REdGFeHJdhEAzMGCk3V8xIvfBqg1I=",
        "owner": "cachix",
        "repo": "pre-commit-hooks.nix",
        "rev": "8cb8ea5f1c7bc2984f460587fddd5f2e558f6eb8",
        "type": "github"
      },
      "original": {
        "owner": "cachix",
        "repo": "pre-commit-hooks.nix",
        "type": "github"
      }
    },
    "replugged": {
      "flake": false,
      "locked": {
        "lastModified": 1661106997,
        "narHash": "sha256-OdRTybdwxusy1NlocezXrlqdRfjB7N5HHwmnrEs7inY=",
        "owner": "replugged-org",
        "repo": "replugged",
        "rev": "aefd62d35b1c8f5478d2d347cb1f344e2a84eb98",
        "type": "github"
      },
      "original": {
        "owner": "replugged-org",
        "repo": "replugged",
        "type": "github"
      }
    },
    "replugged-nix-flake": {
      "inputs": {
        "nixpkgs": [
          "nixpkgs"
        ],
        "replugged": [
          "replugged"
        ]
      },
      "locked": {
        "lastModified": 1661041342,
        "narHash": "sha256-yeIi+LQRsMOst7LJkqqEOfw5Tcdl74Ik2/9czbjLI1Y=",
        "owner": "LunNova",
        "repo": "replugged-nix-flake",
        "rev": "5090ae1f0e1c7a96f66fcaf639c72dd16c63e046",
        "type": "github"
      },
      "original": {
        "owner": "LunNova",
        "repo": "replugged-nix-flake",
        "type": "github"
      }
    },
    "root": {
      "inputs": {
        "erosanix": "erosanix",
        "flake-utils": "flake-utils",
        "home-manager": "home-manager",
        "minimal-shell": "minimal-shell",
        "nix-gaming": "nix-gaming",
        "nixos-hardware": "nixos-hardware",
        "nixpkgs": "nixpkgs",
        "nixpkgs-stable": "nixpkgs-stable",
        "pcp-always-push": "pcp-always-push",
        "pcp-webhook-tag": "pcp-webhook-tag",
        "pct-clearvision": "pct-clearvision",
        "pre-commit-hooks": "pre-commit-hooks",
        "replugged": "replugged",
        "replugged-nix-flake": "replugged-nix-flake"
      }
    },
    "utils": {
      "locked": {
        "lastModified": 1653893745,
        "narHash": "sha256-0jntwV3Z8//YwuOjzhV2sgJJPt+HY6KhU7VZUL0fKZQ=",
        "owner": "numtide",
        "repo": "flake-utils",
        "rev": "1ed9fb1935d260de5fe1c2f7ee0ebaae17ed2fa1",
        "type": "github"
      },
      "original": {
        "owner": "numtide",
        "repo": "flake-utils",
        "type": "github"
      }
    }
  },
  "root": "root",
  "version": 7
}
