{
  "nodes": {
    "nixpkgs": {
      "locked": {
        "lastModified": 1639096767,
        "narHash": "%HASH%",
        "owner": "NixOS",
        "repo": "nixpkgs",
        "rev": "%REV%",
        "type": "github"
      },
      "original": {
        "owner": "NixOS",
        "rev": "%REV%",
        "repo": "nixpkgs",
        "type": "github"
      }
    },
    "root": {
      "inputs": {
        "nixpkgs": "nixpkgs"
      }
    }
  },
  "root": "root",
  "version": 7
}
